
Microsoft Visual Studio Solution File, Format Version 12.00
# Visual Studio 14
VisualStudioVersion = 14.0.24720.0
MinimumVisualStudioVersion = 10.0.40219.1
Project("{FAE04EC0-301F-11D3-BF4B-00C04F79EFBC}") = "SimpleProcessing.API", "SimpleProcessing.API\SimpleProcessing.API.csproj", "{015A7D93-AB49-4276-99D8-F6EDC7107E4B}"
EndProject
Project("{FAE04EC0-301F-11D3-BF4B-00C04F79EFBC}") = "SimpleProcessing.Core", "SimpleProcessing.Core\SimpleProcessing.Core.csproj", "{AEB157C6-9663-45FA-90B8-37265992AC15}"
EndProject
Project("{FAE04EC0-301F-11D3-BF4B-00C04F79EFBC}") = "SimpleProcessing.Models", "SimpleProcessing.Models\SimpleProcessing.Models.csproj", "{4D46067A-F805-44AB-B90B-C41409C71347}"
EndProject
Global
	GlobalSection(SolutionConfigurationPlatforms) = preSolution
		Debug|Any CPU = Debug|Any CPU
		Release|Any CPU = Release|Any CPU
	EndGlobalSection
	GlobalSection(ProjectConfigurationPlatforms) = postSolution
		{015A7D93-AB49-4276-99D8-F6EDC7107E4B}.Debug|Any CPU.ActiveCfg = Debug|Any CPU
		{015A7D93-AB49-4276-99D8-F6EDC7107E4B}.Debug|Any CPU.Build.0 = Debug|Any CPU
		{015A7D93-AB49-4276-99D8-F6EDC7107E4B}.Release|Any CPU.ActiveCfg = Release|Any CPU
		{015A7D93-AB49-4276-99D8-F6EDC7107E4B}.Release|Any CPU.Build.0 = Release|Any CPU
		{AEB157C6-9663-45FA-90B8-37265992AC15}.Debug|Any CPU.ActiveCfg = Debug|Any CPU
		{AEB157C6-9663-45FA-90B8-37265992AC15}.Debug|Any CPU.Build.0 = Debug|Any CPU
		{AEB157C6-9663-45FA-90B8-37265992AC15}.Release|Any CPU.ActiveCfg = Release|Any CPU
		{AEB157C6-9663-45FA-90B8-37265992AC15}.Release|Any CPU.Build.0 = Release|Any CPU
		{4D46067A-F805-44AB-B90B-C41409C71347}.Debug|Any CPU.ActiveCfg = Debug|Any CPU
		{4D46067A-F805-44AB-B90B-C41409C71347}.Debug|Any CPU.Build.0 = Debug|Any CPU
		{4D46067A-F805-44AB-B90B-C41409C71347}.Release|Any CPU.ActiveCfg = Release|Any CPU
		{4D46067A-F805-44AB-B90B-C41409C71347}.Release|Any CPU.Build.0 = Release|Any CPU
	EndGlobalSection
	GlobalSection(SolutionProperties) = preSolution
		HideSolutionNode = FALSE
	EndGlobalSection
EndGlobal
